{
  "name": "Vishw_Grow_E_Commerce",
  "lockfileVersion": 3,
  "requires": true,
  "packages": {
    "": {
      "dependencies": {
        "@fontsource/roboto": "^5.0.13",
        "react-multi-carousel": "^2.8.5"
      }
    },
    "node_modules/@fontsource/roboto": {
      "version": "5.0.13",
      "resolved": "https://registry.npmjs.org/@fontsource/roboto/-/roboto-5.0.13.tgz",
      "integrity": "sha512-j61DHjsdUCKMXSdNLTOxcG701FWnF0jcqNNQi2iPCDxU8seN/sMxeh62dC++UiagCWq9ghTypX+Pcy7kX+QOeQ=="
    },
    "node_modules/react-multi-carousel": {
      "version": "2.8.5",
      "resolved": "https://registry.npmjs.org/react-multi-carousel/-/react-multi-carousel-2.8.5.tgz",
      "integrity": "sha512-C5DAvJkfzR2JK9YixZ3oyF9x6R4LW6nzTpIXrl9Oujxi4uqP9SzVVCjl+JLM3tSdqdjAx/oWZK3dTVBSR73Q+w==",
      "engines": {
        "node": ">=8"
      }
    }
  }
}
